// !$*UTF8*$!
{
	archiveVersion = 1;
	classes = {
	};
	objectVersion = 50;
	objects = {

/* Begin PBXBuildFile section */
		7A4DC472269C8CF300951472 /* AppDelegate.swift in Sources */ = {isa = PBXBuildFile; fileRef = 7A4DC471269C8CF300951472 /* AppDelegate.swift */; };
		7A4DC474269C8CF300951472 /* SceneDelegate.swift in Sources */ = {isa = PBXBuildFile; fileRef = 7A4DC473269C8CF300951472 /* SceneDelegate.swift */; };
		7A4DC476269C8CF300951472 /* ViewController.swift in Sources */ = {isa = PBXBuildFile; fileRef = 7A4DC475269C8CF300951472 /* ViewController.swift */; };
		7A4DC479269C8CF300951472 /* Main.storyboard in Resources */ = {isa = PBXBuildFile; fileRef = 7A4DC477269C8CF300951472 /* Main.storyboard */; };
		7A4DC47B269C8CF500951472 /* Assets.xcassets in Resources */ = {isa = PBXBuildFile; fileRef = 7A4DC47A269C8CF500951472 /* Assets.xcassets */; };
		7A4DC47E269C8CF500951472 /* LaunchScreen.storyboard in Resources */ = {isa = PBXBuildFile; fileRef = 7A4DC47C269C8CF500951472 /* LaunchScreen.storyboard */; };
		7A4DC487269CA49600951472 /* UIView+edgesToSuperView.swift in Sources */ = {isa = PBXBuildFile; fileRef = 7A4DC486269CA49600951472 /* UIView+edgesToSuperView.swift */; };
		7A4DC48E269CA6F200951472 /* UIView+addSubviews.swift in Sources */ = {isa = PBXBuildFile; fileRef = 7A4DC48D269CA6F200951472 /* UIView+addSubviews.swift */; };
		7A4DC491269CB58700951472 /* PaddingLabel.swift in Sources */ = {isa = PBXBuildFile; fileRef = 7A4DC490269CB58700951472 /* PaddingLabel.swift */; };
		7A4DC498269CBF8000951472 /* MTimer.swift in Sources */ = {isa = PBXBuildFile; fileRef = 7A4DC497269CBF8000951472 /* MTimer.swift */; };
		7A4DC4A0269CC5F300951472 /* TimerTableViewCell.swift in Sources */ = {isa = PBXBuildFile; fileRef = 7A4DC49F269CC5F300951472 /* TimerTableViewCell.swift */; };
		7A5199E3269ED186006679E4 /* String+isInt.swift in Sources */ = {isa = PBXBuildFile; fileRef = 7A5199E2269ED186006679E4 /* String+isInt.swift */; };
		7ABEA6FF269D969600698EE2 /* TimerModel.swift in Sources */ = {isa = PBXBuildFile; fileRef = 7ABEA6FE269D969600698EE2 /* TimerModel.swift */; };
		7ABEA706269DC52800698EE2 /* String+secondsToTimeStamp.swift in Sources */ = {isa = PBXBuildFile; fileRef = 7ABEA705269DC52800698EE2 /* String+secondsToTimeStamp.swift */; };
		7ABEA709269DCC2300698EE2 /* TimerTableViewFirstCell.swift in Sources */ = {isa = PBXBuildFile; fileRef = 7ABEA708269DCC2300698EE2 /* TimerTableViewFirstCell.swift */; };
/* End PBXBuildFile section */

/* Begin PBXFileReference section */
		7A4DC46E269C8CF300951472 /* MultiTimer.app */ = {isa = PBXFileReference; explicitFileType = wrapper.application; includeInIndex = 0; path = MultiTimer.app; sourceTree = BUILT_PRODUCTS_DIR; };
		7A4DC471269C8CF300951472 /* AppDelegate.swift */ = {isa = PBXFileReference; lastKnownFileType = sourcecode.swift; path = AppDelegate.swift; sourceTree = "<group>"; };
		7A4DC473269C8CF300951472 /* SceneDelegate.swift */ = {isa = PBXFileReference; lastKnownFileType = sourcecode.swift; path = SceneDelegate.swift; sourceTree = "<group>"; };
		7A4DC475269C8CF300951472 /* ViewController.swift */ = {isa = PBXFileReference; lastKnownFileType = sourcecode.swift; path = ViewController.swift; sourceTree = "<group>"; };
		7A4DC478269C8CF300951472 /* Base */ = {isa = PBXFileReference; lastKnownFileType = file.storyboard; name = Base; path = Base.lproj/Main.storyboard; sourceTree = "<group>"; };
		7A4DC47A269C8CF500951472 /* Assets.xcassets */ = {isa = PBXFileReference; lastKnownFileType = folder.assetcatalog; path = Assets.xcassets; sourceTree = "<group>"; };
		7A4DC47D269C8CF500951472 /* Base */ = {isa = PBXFileReference; lastKnownFileType = file.storyboard; name = Base; path = Base.lproj/LaunchScreen.storyboard; sourceTree = "<group>"; };
		7A4DC47F269C8CF500951472 /* Info.plist */ = {isa = PBXFileReference; lastKnownFileType = text.plist.xml; path = Info.plist; sourceTree = "<group>"; };
		7A4DC486269CA49600951472 /* UIView+edgesToSuperView.swift */ = {isa = PBXFileReference; lastKnownFileType = sourcecode.swift; path = "UIView+edgesToSuperView.swift"; sourceTree = "<group>"; };
		7A4DC48D269CA6F200951472 /* UIView+addSubviews.swift */ = {isa = PBXFileReference; lastKnownFileType = sourcecode.swift; path = "UIView+addSubviews.swift"; sourceTree = "<group>"; };
		7A4DC490269CB58700951472 /* PaddingLabel.swift */ = {isa = PBXFileReference; lastKnownFileType = sourcecode.swift; path = PaddingLabel.swift; sourceTree = "<group>"; };
		7A4DC497269CBF8000951472 /* MTimer.swift */ = {isa = PBXFileReference; lastKnownFileType = sourcecode.swift; path = MTimer.swift; sourceTree = "<group>"; };
		7A4DC49F269CC5F300951472 /* TimerTableViewCell.swift */ = {isa = PBXFileReference; lastKnownFileType = sourcecode.swift; path = TimerTableViewCell.swift; sourceTree = "<group>"; };
		7A5199E2269ED186006679E4 /* String+isInt.swift */ = {isa = PBXFileReference; lastKnownFileType = sourcecode.swift; path = "String+isInt.swift"; sourceTree = "<group>"; };
		7ABEA6FE269D969600698EE2 /* TimerModel.swift */ = {isa = PBXFileReference; lastKnownFileType = sourcecode.swift; path = TimerModel.swift; sourceTree = "<group>"; };
		7ABEA705269DC52800698EE2 /* String+secondsToTimeStamp.swift */ = {isa = PBXFileReference; lastKnownFileType = sourcecode.swift; path = "String+secondsToTimeStamp.swift"; sourceTree = "<group>"; };
		7ABEA708269DCC2300698EE2 /* TimerTableViewFirstCell.swift */ = {isa = PBXFileReference; lastKnownFileType = sourcecode.swift; path = TimerTableViewFirstCell.swift; sourceTree = "<group>"; };
/* End PBXFileReference section */

/* Begin PBXFrameworksBuildPhase section */
		7A4DC46B269C8CF300951472 /* Frameworks */ = {
			isa = PBXFrameworksBuildPhase;
			buildActionMask = 2147483647;
			files = (
			);
			runOnlyForDeploymentPostprocessing = 0;
		};
/* End PBXFrameworksBuildPhase section */

/* Begin PBXGroup section */
		7A4DC465269C8CF300951472 = {
			isa = PBXGroup;
			children = (
				7A4DC470269C8CF300951472 /* MultiTimer */,
				7A4DC46F269C8CF300951472 /* Products */,
			);
			sourceTree = "<group>";
		};
		7A4DC46F269C8CF300951472 /* Products */ = {
			isa = PBXGroup;
			children = (
				7A4DC46E269C8CF300951472 /* MultiTimer.app */,
			);
			name = Products;
			sourceTree = "<group>";
		};
		7A4DC470269C8CF300951472 /* MultiTimer */ = {
			isa = PBXGroup;
			children = (
				7A4DC471269C8CF300951472 /* AppDelegate.swift */,
				7A4DC497269CBF8000951472 /* MTimer.swift */,
				7ABEA6FE269D969600698EE2 /* TimerModel.swift */,
				7A4DC473269C8CF300951472 /* SceneDelegate.swift */,
				7A4DC475269C8CF300951472 /* ViewController.swift */,
				7A5199E2269ED186006679E4 /* String+isInt.swift */,
				7ABEA705269DC52800698EE2 /* String+secondsToTimeStamp.swift */,
				7A4DC49F269CC5F300951472 /* TimerTableViewCell.swift */,
				7ABEA708269DCC2300698EE2 /* TimerTableViewFirstCell.swift */,
				7A4DC490269CB58700951472 /* PaddingLabel.swift */,
				7A4DC486269CA49600951472 /* UIView+edgesToSuperView.swift */,
				7A4DC48D269CA6F200951472 /* UIView+addSubviews.swift */,
				7A4DC477269C8CF300951472 /* Main.storyboard */,
				7A4DC47A269C8CF500951472 /* Assets.xcassets */,
				7A4DC47C269C8CF500951472 /* LaunchScreen.storyboard */,
				7A4DC47F269C8CF500951472 /* Info.plist */,
			);
			path = MultiTimer;
			sourceTree = "<group>";
		};
/* End PBXGroup section */

/* Begin PBXNativeTarget section */
		7A4DC46D269C8CF300951472 /* MultiTimer */ = {
			isa = PBXNativeTarget;
			buildConfigurationList = 7A4DC482269C8CF500951472 /* Build configuration list for PBXNativeTarget "MultiTimer" */;
			buildPhases = (
				7A4DC46A269C8CF300951472 /* Sources */,
				7A4DC46B269C8CF300951472 /* Frameworks */,
				7A4DC46C269C8CF300951472 /* Resources */,
			);
			buildRules = (
			);
			dependencies = (
			);
			name = MultiTimer;
			productName = MultiTimer;
			productReference = 7A4DC46E269C8CF300951472 /* MultiTimer.app */;
			productType = "com.apple.product-type.application";
		};
/* End PBXNativeTarget section */

/* Begin PBXProject section */
		7A4DC466269C8CF300951472 /* Project object */ = {
			isa = PBXProject;
			attributes = {
				LastSwiftUpdateCheck = 1240;
				LastUpgradeCheck = 1240;
				TargetAttributes = {
					7A4DC46D269C8CF300951472 = {
						CreatedOnToolsVersion = 12.4;
					};
				};
			};
			buildConfigurationList = 7A4DC469269C8CF300951472 /* Build configuration list for PBXProject "MultiTimer" */;
			compatibilityVersion = "Xcode 9.3";
			developmentRegion = en;
			hasScannedForEncodings = 0;
			knownRegions = (
				en,
				Base,
			);
			mainGroup = 7A4DC465269C8CF300951472;
			productRefGroup = 7A4DC46F269C8CF300951472 /* Products */;
			projectDirPath = "";
			projectRoot = "";
			targets = (
				7A4DC46D269C8CF300951472 /* MultiTimer */,
			);
		};
/* End PBXProject section */

/* Begin PBXResourcesBuildPhase section */
		7A4DC46C269C8CF300951472 /* Resources */ = {
			isa = PBXResourcesBuildPhase;
			buildActionMask = 2147483647;
			files = (
				7A4DC47E269C8CF500951472 /* LaunchScreen.storyboard in Resources */,
				7A4DC47B269C8CF500951472 /* Assets.xcassets in Resources */,
				7A4DC479269C8CF300951472 /* Main.storyboard in Resources */,
			);
			runOnlyForDeploymentPostprocessing = 0;
		};
/* End PBXResourcesBuildPhase section */

/* Begin PBXSourcesBuildPhase section */
		7A4DC46A269C8CF300951472 /* Sources */ = {
			isa = PBXSourcesBuildPhase;
			buildActionMask = 2147483647;
			files = (
				7ABEA709269DCC2300698EE2 /* TimerTableViewFirstCell.swift in Sources */,
				7ABEA706269DC52800698EE2 /* String+secondsToTimeStamp.swift in Sources */,
				7ABEA6FF269D969600698EE2 /* TimerModel.swift in Sources */,
				7A4DC491269CB58700951472 /* PaddingLabel.swift in Sources */,
				7A4DC48E269CA6F200951472 /* UIView+addSubviews.swift in Sources */,
				7A4DC498269CBF8000951472 /* MTimer.swift in Sources */,
				7A5199E3269ED186006679E4 /* String+isInt.swift in Sources */,
				7A4DC487269CA49600951472 /* UIView+edgesToSuperView.swift in Sources */,
				7A4DC476269C8CF300951472 /* ViewController.swift in Sources */,
				7A4DC472269C8CF300951472 /* AppDelegate.swift in Sources */,
				7A4DC474269C8CF300951472 /* SceneDelegate.swift in Sources */,
				7A4DC4A0269CC5F300951472 /* TimerTableViewCell.swift in Sources */,
			);
			runOnlyForDeploymentPostprocessing = 0;
		};
/* End PBXSourcesBuildPhase section */

/* Begin PBXVariantGroup section */
		7A4DC477269C8CF300951472 /* Main.storyboard */ = {
			isa = PBXVariantGroup;
			children = (
				7A4DC478269C8CF300951472 /* Base */,
			);
			name = Main.storyboard;
			sourceTree = "<group>";
		};
		7A4DC47C269C8CF500951472 /* LaunchScreen.storyboard */ = {
			isa = PBXVariantGroup;
			children = (
				7A4DC47D269C8CF500951472 /* Base */,
			);
			name = LaunchScreen.storyboard;
			sourceTree = "<group>";
		};
/* End PBXVariantGroup section */

/* Begin XCBuildConfiguration section */
		7A4DC480269C8CF500951472 /* Debug */ = {
			isa = XCBuildConfiguration;
			buildSettings = {
				ALWAYS_SEARCH_USER_PATHS = NO;
				CLANG_ANALYZER_NONNULL = YES;
				CLANG_ANALYZER_NUMBER_OBJECT_CONVERSION = YES_AGGRESSIVE;
				CLANG_CXX_LANGUAGE_STANDARD = "gnu++14";
				CLANG_CXX_LIBRARY = "libc++";
				CLANG_ENABLE_MODULES = YES;
				CLANG_ENABLE_OBJC_ARC = YES;
				CLANG_ENABLE_OBJC_WEAK = YES;
				CLANG_WARN_BLOCK_CAPTURE_AUTORELEASING = YES;
				CLANG_WARN_BOOL_CONVERSION = YES;
				CLANG_WARN_COMMA = YES;
				CLANG_WARN_CONSTANT_CONVERSION = YES;
				CLANG_WARN_DEPRECATED_OBJC_IMPLEMENTATIONS = YES;
				CLANG_WARN_DIRECT_OBJC_ISA_USAGE = YES_ERROR;
				CLANG_WARN_DOCUMENTATION_COMMENTS = YES;
				CLANG_WARN_EMPTY_BODY = YES;
				CLANG_WARN_ENUM_CONVERSION = YES;
				CLANG_WARN_INFINITE_RECURSION = YES;
				CLANG_WARN_INT_CONVERSION = YES;
				CLANG_WARN_NON_LITERAL_NULL_CONVERSION = YES;
				CLANG_WARN_OBJC_IMPLICIT_RETAIN_SELF = YES;
				CLANG_WARN_OBJC_LITERAL_CONVERSION = YES;
				CLANG_WARN_OBJC_ROOT_CLASS = YES_ERROR;
				CLANG_WARN_QUOTED_INCLUDE_IN_FRAMEWORK_HEADER = YES;
				CLANG_WARN_RANGE_LOOP_ANALYSIS = YES;
				CLANG_WARN_STRICT_PROTOTYPES = YES;
				CLANG_WARN_SUSPICIOUS_MOVE = YES;
				CLANG_WARN_UNGUARDED_AVAILABILITY = YES_AGGRESSIVE;
				CLANG_WARN_UNREACHABLE_CODE = YES;
				CLANG_WARN__DUPLICATE_METHOD_MATCH = YES;
				COPY_PHASE_STRIP = NO;
				DEBUG_INFORMATION_FORMAT = dwarf;
				ENABLE_STRICT_OBJC_MSGSEND = YES;
				ENABLE_TESTABILITY = YES;
				GCC_C_LANGUAGE_STANDARD = gnu11;
				GCC_DYNAMIC_NO_PIC = NO;
				GCC_NO_COMMON_BLOCKS = YES;
				GCC_OPTIMIZATION_LEVEL = 0;
				GCC_PREPROCESSOR_DEFINITIONS = (
					"DEBUG=1",
					"$(inherited)",
				);
				GCC_WARN_64_TO_32_BIT_CONVERSION = YES;
				GCC_WARN_ABOUT_RETURN_TYPE = YES_ERROR;
				GCC_WARN_UNDECLARED_SELECTOR = YES;
				GCC_WARN_UNINITIALIZED_AUTOS = YES_AGGRESSIVE;
				GCC_WARN_UNUSED_FUNCTION = YES;
				GCC_WARN_UNUSED_VARIABLE = YES;
				IPHONEOS_DEPLOYMENT_TARGET = 14.4;
				MTL_ENABLE_DEBUG_INFO = INCLUDE_SOURCE;
				MTL_FAST_MATH = YES;
				ONLY_ACTIVE_ARCH = YES;
				SDKROOT = iphoneos;
				SWIFT_ACTIVE_COMPILATION_CONDITIONS = DEBUG;
				SWIFT_OPTIMIZATION_LEVEL = "-Onone";
			};
			name = Debug;
		};
		7A4DC481269C8CF500951472 /* Release */ = {
			isa = XCBuildConfiguration;
			buildSettings = {
				ALWAYS_SEARCH_USER_PATHS = NO;
				CLANG_ANALYZER_NONNULL = YES;
				CLANG_ANALYZER_NUMBER_OBJECT_CONVERSION = YES_AGGRESSIVE;
				CLANG_CXX_LANGUAGE_STANDARD = "gnu++14";
				CLANG_CXX_LIBRARY = "libc++";
				CLANG_ENABLE_MODULES = YES;
				CLANG_ENABLE_OBJC_ARC = YES;
				CLANG_ENABLE_OBJC_WEAK = YES;
				CLANG_WARN_BLOCK_CAPTURE_AUTORELEASING = YES;
				CLANG_WARN_BOOL_CONVERSION = YES;
				CLANG_WARN_COMMA = YES;
				CLANG_WARN_CONSTANT_CONVERSION = YES;
				CLANG_WARN_DEPRECATED_OBJC_IMPLEMENTATIONS = YES;
				CLANG_WARN_DIRECT_OBJC_ISA_USAGE = YES_ERROR;
				CLANG_WARN_DOCUMENTATION_COMMENTS = YES;
				CLANG_WARN_EMPTY_BODY = YES;
				CLANG_WARN_ENUM_CONVERSION = YES;
				CLANG_WARN_INFINITE_RECURSION = YES;
				CLANG_WARN_INT_CONVERSION = YES;
				CLANG_WARN_NON_LITERAL_NULL_CONVERSION = YES;
				CLANG_WARN_OBJC_IMPLICIT_RETAIN_SELF = YES;
				CLANG_WARN_OBJC_LITERAL_CONVERSION = YES;
				CLANG_WARN_OBJC_ROOT_CLASS = YES_ERROR;
				CLANG_WARN_QUOTED_INCLUDE_IN_FRAMEWORK_HEADER = YES;
				CLANG_WARN_RANGE_LOOP_ANALYSIS = YES;
				CLANG_WARN_STRICT_PROTOTYPES = YES;
				CLANG_WARN_SUSPICIOUS_MOVE = YES;
				CLANG_WARN_UNGUARDED_AVAILABILITY = YES_AGGRESSIVE;
				CLANG_WARN_UNREACHABLE_CODE = YES;
				CLANG_WARN__DUPLICATE_METHOD_MATCH = YES;
				COPY_PHASE_STRIP = NO;
				DEBUG_INFORMATION_FORMAT = "dwarf-with-dsym";
				ENABLE_NS_ASSERTIONS = NO;
				ENABLE_STRICT_OBJC_MSGSEND = YES;
				GCC_C_LANGUAGE_STANDARD = gnu11;
				GCC_NO_COMMON_BLOCKS = YES;
				GCC_WARN_64_TO_32_BIT_CONVERSION = YES;
				GCC_WARN_ABOUT_RETURN_TYPE = YES_ERROR;
				GCC_WARN_UNDECLARED_SELECTOR = YES;
				GCC_WARN_UNINITIALIZED_AUTOS = YES_AGGRESSIVE;
				GCC_WARN_UNUSED_FUNCTION = YES;
				GCC_WARN_UNUSED_VARIABLE = YES;
				IPHONEOS_DEPLOYMENT_TARGET = 14.4;
				MTL_ENABLE_DEBUG_INFO = NO;
				MTL_FAST_MATH = YES;
				SDKROOT = iphoneos;
				SWIFT_COMPILATION_MODE = wholemodule;
				SWIFT_OPTIMIZATION_LEVEL = "-O";
				VALIDATE_PRODUCT = YES;
			};
			name = Release;
		};
		7A4DC483269C8CF500951472 /* Debug */ = {
			isa = XCBuildConfiguration;
			buildSettings = {
				ASSETCATALOG_COMPILER_APPICON_NAME = AppIcon;
				ASSETCATALOG_COMPILER_GLOBAL_ACCENT_COLOR_NAME = AccentColor;
				CODE_SIGN_STYLE = Automatic;
				INFOPLIST_FILE = MultiTimer/Info.plist;
				LD_RUNPATH_SEARCH_PATHS = (
					"$(inherited)",
					"@executable_path/Frameworks",
				);
				PRODUCT_BUNDLE_IDENTIFIER = Apex.MultiTimer;
				PRODUCT_NAME = "$(TARGET_NAME)";
				SWIFT_VERSION = 5.0;
				TARGETED_DEVICE_FAMILY = "1,2";
			};
			name = Debug;
		};
		7A4DC484269C8CF500951472 /* Release */ = {
			isa = XCBuildConfiguration;
			buildSettings = {
				ASSETCATALOG_COMPILER_APPICON_NAME = AppIcon;
				ASSETCATALOG_COMPILER_GLOBAL_ACCENT_COLOR_NAME = AccentColor;
				CODE_SIGN_STYLE = Automatic;
				INFOPLIST_FILE = MultiTimer/Info.plist;
				LD_RUNPATH_SEARCH_PATHS = (
					"$(inherited)",
					"@executable_path/Frameworks",
				);
				PRODUCT_BUNDLE_IDENTIFIER = Apex.MultiTimer;
				PRODUCT_NAME = "$(TARGET_NAME)";
				SWIFT_VERSION = 5.0;
				TARGETED_DEVICE_FAMILY = "1,2";
			};
			name = Release;
		};
/* End XCBuildConfiguration section */

/* Begin XCConfigurationList section */
		7A4DC469269C8CF300951472 /* Build configuration list for PBXProject "MultiTimer" */ = {
			isa = XCConfigurationList;
			buildConfigurations = (
				7A4DC480269C8CF500951472 /* Debug */,
				7A4DC481269C8CF500951472 /* Release */,
			);
			defaultConfigurationIsVisible = 0;
			defaultConfigurationName = Release;
		};
		7A4DC482269C8CF500951472 /* Build configuration list for PBXNativeTarget "MultiTimer" */ = {
			isa = XCConfigurationList;
			buildConfigurations = (
				7A4DC483269C8CF500951472 /* Debug */,
				7A4DC484269C8CF500951472 /* Release */,
			);
			defaultConfigurationIsVisible = 0;
			defaultConfigurationName = Release;
		};
/* End XCConfigurationList section */
	};
	rootObject = 7A4DC466269C8CF300951472 /* Project object */;
}
